<?xml version="1.0" encoding="utf-8"?>
<Project ToolsVersion="4.0" xmlns="http://schemas.microsoft.com/developer/msbuild/2003">
  <ItemGroup>
    <Filter Include="Source Files">
      <UniqueIdentifier>{B1F27843-FECA-1BAD-5F33-7BE80000002E}</UniqueIdentifier>
      <Extensions>cpp;cxx;cc;c;C</Extensions>
    </Filter>
    <Filter Include="Header Files">
      <UniqueIdentifier>{06319535-FECA-1BAD-5F33-7BE80000002E}</UniqueIdentifier>
      <Extensions>h;hpp;hxx;hh</Extensions>
    </Filter>
    <Filter Include="Inline Files">
      <UniqueIdentifier>{763028EF-FECA-1BAD-5F33-7BE80000002E}</UniqueIdentifier>
      <Extensions>i;ipp;inl</Extensions>
    </Filter>
    <Filter Include="Template Files">
      <UniqueIdentifier>{5635C877-FECA-1BAD-5F33-7BE80000002E}</UniqueIdentifier>
    </Filter>
  </ItemGroup>
  <ItemGroup>
    <ClCompile Include="Driver.cpp">
      <Filter>Source Files</Filter>
    </ClCompile>
  </ItemGroup>
  <ItemGroup>
    <ClInclude Include="Addition_Expr_Node.h">
      <Filter>Header Files</Filter>
    </ClInclude>
    <ClInclude Include="Array.h">
      <Filter>Header Files</Filter>
    </ClInclude>
    <ClInclude Include="Base_Array.h">
      <Filter>Header Files</Filter>
    </ClInclude>
    <ClInclude Include="Binary_Expr_Node.h">
      <Filter>Header Files</Filter>
    </ClInclude>
    <ClInclude Include="Calculator.h">
      <Filter>Header Files</Filter>
    </ClInclude>
    <ClInclude Include="Division_Expr_Node.h">
      <Filter>Header Files</Filter>
    </ClInclude>
    <ClInclude Include="Eval_Expr_Tree.h">
      <Filter>Header Files</Filter>
    </ClInclude>
    <ClInclude Include="Expr_Builder.h">
      <Filter>Header Files</Filter>
    </ClInclude>
    <ClInclude Include="Expr_Node.h">
      <Filter>Header Files</Filter>
    </ClInclude>
    <ClInclude Include="Expr_Tree_Builder.h">
      <Filter>Header Files</Filter>
    </ClInclude>
    <ClInclude Include="Mod_Expr_Node.h">
      <Filter>Header Files</Filter>
    </ClInclude>
    <ClInclude Include="Multiplication_Expr_Node.h">
      <Filter>Header Files</Filter>
    </ClInclude>
    <ClInclude Include="Stack.h">
      <Filter>Header Files</Filter>
    </ClInclude>
    <ClInclude Include="Subtraction_Expr_Node.h">
      <Filter>Header Files</Filter>
    </ClInclude>
  </ItemGroup>
  <ItemGroup>
    <None Include="Array.inl">
      <Filter>Inline Files</Filter>
    </None>
    <None Include="Base_Array.inl">
      <Filter>Inline Files</Filter>
    </None>
    <None Include="Stack.inl">
      <Filter>Inline Files</Filter>
    </None>
  </ItemGroup>
  <ItemGroup>
    <ClCompile Include="Addition_Expr_Node.cpp">
      <Filter>Template Files</Filter>
    </ClCompile>
    <ClCompile Include="Array.cpp">
      <Filter>Template Files</Filter>
    </ClCompile>
    <ClCompile Include="Base_Array.cpp">
      <Filter>Template Files</Filter>
    </ClCompile>
    <ClCompile Include="Binary_Expr_Node.cpp">
      <Filter>Template Files</Filter>
    </ClCompile>
    <ClCompile Include="Calculator.cpp">
      <Filter>Template Files</Filter>
    </ClCompile>
    <ClCompile Include="Division_Expr_Node.cpp">
      <Filter>Template Files</Filter>
    </ClCompile>
    <ClCompile Include="Eval_Expr_Tree.cpp">
      <Filter>Template Files</Filter>
    </ClCompile>
    <ClCompile Include="Expr_Builder.cpp">
      <Filter>Template Files</Filter>
    </ClCompile>
    <ClCompile Include="Expr_Node.cpp">
      <Filter>Template Files</Filter>
    </ClCompile>
    <ClCompile Include="Expr_Node_Vistor.cpp">
      <Filter>Template Files</Filter>
    </ClCompile>
    <ClCompile Include="Expr_Tree_Builder.cpp">
      <Filter>Template Files</Filter>
    </ClCompile>
    <ClCompile Include="Mod_Expr_Node.cpp">
      <Filter>Template Files</Filter>
    </ClCompile>
    <ClCompile Include="Multiplication_Expr_Node.cpp">
      <Filter>Template Files</Filter>
    </ClCompile>
    <ClCompile Include="Stack.cpp">
      <Filter>Template Files</Filter>
    </ClCompile>
    <ClCompile Include="Subtraction_Expr_Node.cpp">
      <Filter>Template Files</Filter>
    </ClCompile>
  </ItemGroup>
</Project>
